
Microsoft Visual Studio Solution File, Format Version 11.00
# Visual Studio 2010
Project("{FAE04EC0-301F-11D3-BF4B-00C04F79EFBC}") = "PictureTool", "PictureTool\PictureTool.csproj", "{8C4CCF8A-430E-473A-B827-6F2592BAFDE7}"
EndProject
Project("{2150E333-8FDC-42A3-9474-1A3956D46DE8}") = "Solution Items", "Solution Items", "{A3C3D624-7A52-4A88-8B00-8C9D3CE19B9E}"
EndProject
Global
	GlobalSection(SolutionConfigurationPlatforms) = preSolution
		Debug|x86 = Debug|x86
		Release|x86 = Release|x86
	EndGlobalSection
	GlobalSection(ProjectConfigurationPlatforms) = postSolution
		{8C4CCF8A-430E-473A-B827-6F2592BAFDE7}.Debug|x86.ActiveCfg = Debug|x86
		{8C4CCF8A-430E-473A-B827-6F2592BAFDE7}.Debug|x86.Build.0 = Debug|x86
		{8C4CCF8A-430E-473A-B827-6F2592BAFDE7}.Release|x86.ActiveCfg = Release|x86
		{8C4CCF8A-430E-473A-B827-6F2592BAFDE7}.Release|x86.Build.0 = Release|x86
	EndGlobalSection
	GlobalSection(SolutionProperties) = preSolution
		HideSolutionNode = FALSE
	EndGlobalSection
EndGlobal
